# THIS IS AN AUTOGENERATED FILE. DO NOT EDIT THIS FILE DIRECTLY.
# yarn lockfile v1


"@xstate/vue@^0.8.0":
  version "0.8.0"
  resolved "https://registry.yarnpkg.com/@xstate/vue/-/vue-0.8.0.tgz#2a9dedfc022af290e276c532328db0fadada6052"
  integrity sha512-Rn0/zlp1j5ByHnh/uu+MQNGnjaiYBnuPedND0bRlvnZORyt/pCzFe4lyX7b06G/6P/fTSQvVCKDBdyAHuDn/ew==

xstate@^4.22.0:
  version "4.22.0"
  resolved "https://registry.yarnpkg.com/xstate/-/xstate-4.22.0.tgz#5d6c2a762cb94c3170ee826d26194b7561d70aae"
  integrity sha512-WBQS/XxmjCH6789fx5JXjct2pWA0ZI0a1Kx8PJMurzgytkJH3vC2+QganHWzK38vG9PyXHefyVG54UN5q6YVSw==
